{
  "name": "medical-data-analyzer",
  "lockfileVersion": 3,
  "requires": true,
  "packages": {
    "": {
      "name": "medical-data-analyzer",
      "dependencies": {
        "csv-parse": "^5.5.2",
        "simple-statistics": "^7.8.3"
      }
    },
    "node_modules/csv-parse": {
      "version": "5.5.6",
      "resolved": "https://registry.npmjs.org/csv-parse/-/csv-parse-5.5.6.tgz",
      "integrity": "sha512-uNpm30m/AGSkLxxy7d9yRXpJQFrZzVWLFBkS+6ngPcZkw/5k3L/jjFuj7tVnEpRn+QgmiXr21nDlhCiUK4ij2A=="
    },
    "node_modules/simple-statistics": {
      "version": "7.8.7",
      "resolved": "https://registry.npmjs.org/simple-statistics/-/simple-statistics-7.8.7.tgz",
      "integrity": "sha512-ed5FwTNYvkMTfbCai1U+r3symP+lIPKWCqKdudpN4NFNMn9RtDlFtSyAQhCp4oPH0YBjWu/qnW+5q5ZkPB3uHQ==",
      "engines": {
        "node": "*"
      }
    }
  }
}
